// !$*UTF8*$!
{
	archiveVersion = 1;
	classes = {
	};
	objectVersion = 56;
	objects = {

/* Begin PBXBuildFile section */
		A334A6182B878F4C008CC8D4 /* FormFieldModel + FormsExt.swift in Sources */ = {isa = PBXBuildFile; fileRef = A334A6172B878F4C008CC8D4 /* FormFieldModel + FormsExt.swift */; };
		A334A61A2B8797DF008CC8D4 /* SceneDelegate.swift in Sources */ = {isa = PBXBuildFile; fileRef = A334A6192B8797DF008CC8D4 /* SceneDelegate.swift */; };
		A334A61C2B8798A1008CC8D4 /* AppDelegate.swift in Sources */ = {isa = PBXBuildFile; fileRef = A334A61B2B8798A1008CC8D4 /* AppDelegate.swift */; };
		A334A61F2B879917008CC8D4 /* RootCoordinator.swift in Sources */ = {isa = PBXBuildFile; fileRef = A334A61E2B879917008CC8D4 /* RootCoordinator.swift */; };
		A334A6212B879927008CC8D4 /* Coordinating.swift in Sources */ = {isa = PBXBuildFile; fileRef = A334A6202B879927008CC8D4 /* Coordinating.swift */; };
		A334A6242B8799AF008CC8D4 /* FormCoordinator.swift in Sources */ = {isa = PBXBuildFile; fileRef = A334A6232B8799AF008CC8D4 /* FormCoordinator.swift */; };
		A334A6292B87AAAD008CC8D4 /* ElectrictyRouter.swift in Sources */ = {isa = PBXBuildFile; fileRef = A334A6282B87AAAD008CC8D4 /* ElectrictyRouter.swift */; };
		A33AD66A2B009818005A09AC /* ESewa_CloneApp.swift in Sources */ = {isa = PBXBuildFile; fileRef = A33AD6692B009818005A09AC /* ESewa_CloneApp.swift */; };
		A33AD66C2B009818005A09AC /* ContentView.swift in Sources */ = {isa = PBXBuildFile; fileRef = A33AD66B2B009818005A09AC /* ContentView.swift */; };
		A33AD66E2B009819005A09AC /* Assets.xcassets in Resources */ = {isa = PBXBuildFile; fileRef = A33AD66D2B009819005A09AC /* Assets.xcassets */; };
		A33AD6712B009819005A09AC /* Preview Assets.xcassets in Resources */ = {isa = PBXBuildFile; fileRef = A33AD6702B009819005A09AC /* Preview Assets.xcassets */; };
		A33AD67B2B009819005A09AC /* ESewa_CloneTests.swift in Sources */ = {isa = PBXBuildFile; fileRef = A33AD67A2B009819005A09AC /* ESewa_CloneTests.swift */; };
		A33AD6852B009819005A09AC /* ESewa_CloneUITests.swift in Sources */ = {isa = PBXBuildFile; fileRef = A33AD6842B009819005A09AC /* ESewa_CloneUITests.swift */; };
		A33AD6872B009819005A09AC /* ESewa_CloneUITestsLaunchTests.swift in Sources */ = {isa = PBXBuildFile; fileRef = A33AD6862B009819005A09AC /* ESewa_CloneUITestsLaunchTests.swift */; };
		A33AD6982B009887005A09AC /* RouteCode.swift in Sources */ = {isa = PBXBuildFile; fileRef = A33AD6942B009887005A09AC /* RouteCode.swift */; };
		A33AD6992B009887005A09AC /* NavigationRoutePath.swift in Sources */ = {isa = PBXBuildFile; fileRef = A33AD6952B009887005A09AC /* NavigationRoutePath.swift */; };
		A33AD69A2B009887005A09AC /* RouteIntentDto.swift in Sources */ = {isa = PBXBuildFile; fileRef = A33AD6962B009887005A09AC /* RouteIntentDto.swift */; };
		A33AD69B2B009887005A09AC /* Router.swift in Sources */ = {isa = PBXBuildFile; fileRef = A33AD6972B009887005A09AC /* Router.swift */; };
		A34645F52B89A82C00A20230 /* GenericConfirmationVc.swift in Sources */ = {isa = PBXBuildFile; fileRef = A34645F42B89A82C00A20230 /* GenericConfirmationVc.swift */; };
		A34645F72B89A9A400A20230 /* CardShapeViewModifier.swift in Sources */ = {isa = PBXBuildFile; fileRef = A34645F62B89A9A400A20230 /* CardShapeViewModifier.swift */; };
		A34645F92B89B6E600A20230 /* SheetExt.swift in Sources */ = {isa = PBXBuildFile; fileRef = A34645F82B89B6E600A20230 /* SheetExt.swift */; };
		A34645FC2B89DA7300A20230 /* TxnPinSheetView.swift in Sources */ = {isa = PBXBuildFile; fileRef = A34645FB2B89DA7300A20230 /* TxnPinSheetView.swift */; };
		A36529F92B9A03FC007C1240 /* ConfirmationEventListener.swift in Sources */ = {isa = PBXBuildFile; fileRef = A36529F82B9A03FC007C1240 /* ConfirmationEventListener.swift */; };
		A371F10A2B1B15FF00B50E77 /* DomainPackage in Frameworks */ = {isa = PBXBuildFile; productRef = A371F1092B1B15FF00B50E77 /* DomainPackage */; };
		A371F10C2B1B160100B50E77 /* FormPackage in Frameworks */ = {isa = PBXBuildFile; productRef = A371F10B2B1B160100B50E77 /* FormPackage */; };
		A371F10F2B1B225600B50E77 /* GenericFormScreen.swift in Sources */ = {isa = PBXBuildFile; fileRef = A371F10E2B1B225600B50E77 /* GenericFormScreen.swift */; };
		A371F1122B1B252700B50E77 /* FormTextFieldView.swift in Sources */ = {isa = PBXBuildFile; fileRef = A371F1112B1B252700B50E77 /* FormTextFieldView.swift */; };
		A371F1142B1B2A0900B50E77 /* FormRouter.swift in Sources */ = {isa = PBXBuildFile; fileRef = A371F1132B1B2A0900B50E77 /* FormRouter.swift */; };
		A371F1162B1B3AB600B50E77 /* RouterMiddleware.swift in Sources */ = {isa = PBXBuildFile; fileRef = A371F1152B1B3AB600B50E77 /* RouterMiddleware.swift */; };
		A371F1192B1B43AC00B50E77 /* TaskExt.swift in Sources */ = {isa = PBXBuildFile; fileRef = A371F1182B1B43AC00B50E77 /* TaskExt.swift */; };
		A371F11B2B1B48DD00B50E77 /* FormViewModel.swift in Sources */ = {isa = PBXBuildFile; fileRef = A371F11A2B1B48DD00B50E77 /* FormViewModel.swift */; };
		A371F11E2B1B498A00B50E77 /* BaseViewModel.swift in Sources */ = {isa = PBXBuildFile; fileRef = A371F11D2B1B498A00B50E77 /* BaseViewModel.swift */; };
		A371F1232B1B4F0900B50E77 /* BaseUseCase.swift in Sources */ = {isa = PBXBuildFile; fileRef = A371F1222B1B4F0900B50E77 /* BaseUseCase.swift */; };
		A371F1262B1B513200B50E77 /* NetworkPackage in Frameworks */ = {isa = PBXBuildFile; productRef = A371F1252B1B513200B50E77 /* NetworkPackage */; };
		A371F1292B1B5D3700B50E77 /* FormUseCaseImpl.swift in Sources */ = {isa = PBXBuildFile; fileRef = A371F1282B1B5D3700B50E77 /* FormUseCaseImpl.swift */; };
		A371F12F2B1B6CC500B50E77 /* AppFactory.swift in Sources */ = {isa = PBXBuildFile; fileRef = A371F12C2B1B6CC500B50E77 /* AppFactory.swift */; };
		A371F1302B1B6CC500B50E77 /* DataFactory.swift in Sources */ = {isa = PBXBuildFile; fileRef = A371F12D2B1B6CC500B50E77 /* DataFactory.swift */; };
		A371F1312B1B6CC500B50E77 /* VmFactory.swift in Sources */ = {isa = PBXBuildFile; fileRef = A371F12E2B1B6CC500B50E77 /* VmFactory.swift */; };
		A37415BB2B03D3DC007D1ECA /* HorizontalProductPagerView.swift in Sources */ = {isa = PBXBuildFile; fileRef = A37415BA2B03D3DB007D1ECA /* HorizontalProductPagerView.swift */; };
		A384DF302B86529400DE9A18 /* FormUseCaseMockImpl.swift in Sources */ = {isa = PBXBuildFile; fileRef = A384DF2F2B86529400DE9A18 /* FormUseCaseMockImpl.swift */; };
		A394A77E2B02171C0030AAF1 /* MenuShapeViewModifier.swift in Sources */ = {isa = PBXBuildFile; fileRef = A394A77D2B02171C0030AAF1 /* MenuShapeViewModifier.swift */; };
		A394A7842B021F930030AAF1 /* ProfileScreen.swift in Sources */ = {isa = PBXBuildFile; fileRef = A394A7832B021F930030AAF1 /* ProfileScreen.swift */; };
		A3ACA46C2B2C3D500051E9D4 /* HelpAndFaqListView.swift in Sources */ = {isa = PBXBuildFile; fileRef = A3ACA44D2B2C3D4E0051E9D4 /* HelpAndFaqListView.swift */; };
		A3ACA46D2B2C3D500051E9D4 /* HelpAndSupportScreen.swift in Sources */ = {isa = PBXBuildFile; fileRef = A3ACA44E2B2C3D4E0051E9D4 /* HelpAndSupportScreen.swift */; };
		A3ACA46E2B2C3D500051E9D4 /* SupportScreen.swift in Sources */ = {isa = PBXBuildFile; fileRef = A3ACA44F2B2C3D4E0051E9D4 /* SupportScreen.swift */; };
		A3ACA46F2B2C3D500051E9D4 /* StatementScreen.swift in Sources */ = {isa = PBXBuildFile; fileRef = A3ACA4512B2C3D4F0051E9D4 /* StatementScreen.swift */; };
		A3ACA4712B2C3D500051E9D4 /* MoreHeaderView.swift in Sources */ = {isa = PBXBuildFile; fileRef = A3ACA4572B2C3D4F0051E9D4 /* MoreHeaderView.swift */; };
		A3ACA4722B2C3D500051E9D4 /* MoreScreen.swift in Sources */ = {isa = PBXBuildFile; fileRef = A3ACA4582B2C3D4F0051E9D4 /* MoreScreen.swift */; };
		A3ACA4732B2C3D500051E9D4 /* HorizontalProductPagerView.swift in Sources */ = {isa = PBXBuildFile; fileRef = A3ACA45B2B2C3D4F0051E9D4 /* HorizontalProductPagerView.swift */; };
		A3ACA4742B2C3D500051E9D4 /* MenuListMoreView.swift in Sources */ = {isa = PBXBuildFile; fileRef = A3ACA45E2B2C3D500051E9D4 /* MenuListMoreView.swift */; };
		A3ACA4752B2C3D500051E9D4 /* MenuIconDescListView.swift in Sources */ = {isa = PBXBuildFile; fileRef = A3ACA45F2B2C3D500051E9D4 /* MenuIconDescListView.swift */; };
		A3ACA4762B2C3D500051E9D4 /* ExpandedView.swift in Sources */ = {isa = PBXBuildFile; fileRef = A3ACA4602B2C3D500051E9D4 /* ExpandedView.swift */; };
		A3ACA4772B2C3D500051E9D4 /* GridListMenuView.swift in Sources */ = {isa = PBXBuildFile; fileRef = A3ACA4612B2C3D500051E9D4 /* GridListMenuView.swift */; };
		A3ACA4782B2C3D500051E9D4 /* ImageAsyncView.swift in Sources */ = {isa = PBXBuildFile; fileRef = A3ACA4622B2C3D500051E9D4 /* ImageAsyncView.swift */; };
		A3ACA4792B2C3D500051E9D4 /* HomeScreenViewTypes.swift in Sources */ = {isa = PBXBuildFile; fileRef = A3ACA4652B2C3D500051E9D4 /* HomeScreenViewTypes.swift */; };
		A3ACA47A2B2C3D500051E9D4 /* HomeToolbarView.swift in Sources */ = {isa = PBXBuildFile; fileRef = A3ACA4672B2C3D500051E9D4 /* HomeToolbarView.swift */; };
		A3ACA47B2B2C3D500051E9D4 /* HomePrimaryMenuView.swift in Sources */ = {isa = PBXBuildFile; fileRef = A3ACA4682B2C3D500051E9D4 /* HomePrimaryMenuView.swift */; };
		A3ACA47C2B2C3D500051E9D4 /* HomeScreen.swift in Sources */ = {isa = PBXBuildFile; fileRef = A3ACA4692B2C3D500051E9D4 /* HomeScreen.swift */; };
		A3ACA47D2B2C3D500051E9D4 /* DashboardScreen.swift in Sources */ = {isa = PBXBuildFile; fileRef = A3ACA46B2B2C3D500051E9D4 /* DashboardScreen.swift */; };
		A3ACA4812B2C3ECC0051E9D4 /* AccountBalanceView.swift in Sources */ = {isa = PBXBuildFile; fileRef = A3ACA4802B2C3ECC0051E9D4 /* AccountBalanceView.swift */; };
		A3ACA4832B2C40C90051E9D4 /* AmountBalanceModifier.swift in Sources */ = {isa = PBXBuildFile; fileRef = A3ACA4822B2C40C90051E9D4 /* AmountBalanceModifier.swift */; };
		A3ACA4852B2C49020051E9D4 /* StatementViewModel.swift in Sources */ = {isa = PBXBuildFile; fileRef = A3ACA4842B2C49020051E9D4 /* StatementViewModel.swift */; };
		A3ACA4872B2C4A3F0051E9D4 /* StatementUseCaseImpl.swift in Sources */ = {isa = PBXBuildFile; fileRef = A3ACA4862B2C4A3F0051E9D4 /* StatementUseCaseImpl.swift */; };
		A3B3EF602B088F5C00392609 /* MoreHeaderView.swift in Sources */ = {isa = PBXBuildFile; fileRef = A3B3EF5F2B088F5C00392609 /* MoreHeaderView.swift */; };
		A3B3EF642B0895EE00392609 /* MoreScreen.swift in Sources */ = {isa = PBXBuildFile; fileRef = A3B3EF632B0895EE00392609 /* MoreScreen.swift */; };
		A3BCD6182B08791D000CD081 /* CGFloatExt.swift in Sources */ = {isa = PBXBuildFile; fileRef = A3BCD6172B08791D000CD081 /* CGFloatExt.swift */; };
		A3E74CA92B22D9EA006DFB17 /* FillButtonStyle.swift in Sources */ = {isa = PBXBuildFile; fileRef = A3E74CA82B22D9EA006DFB17 /* FillButtonStyle.swift */; };
		A3E74CAB2B22DEC0006DFB17 /* ProgressViewModifier.swift in Sources */ = {isa = PBXBuildFile; fileRef = A3E74CAA2B22DEC0006DFB17 /* ProgressViewModifier.swift */; };
		A3E74CAF2B230456006DFB17 /* TextStyleModifier.swift in Sources */ = {isa = PBXBuildFile; fileRef = A3E74CAE2B230456006DFB17 /* TextStyleModifier.swift */; };
		A3ECAED12B00FB3E00CA8E32 /* ImageExt.swift in Sources */ = {isa = PBXBuildFile; fileRef = A3ECAED02B00FB3E00CA8E32 /* ImageExt.swift */; };
		A3ECAED52B012BE900CA8E32 /* ColorExt.swift in Sources */ = {isa = PBXBuildFile; fileRef = A3ECAED42B012BE900CA8E32 /* ColorExt.swift */; };
/* End PBXBuildFile section */

/* Begin PBXContainerItemProxy section */
		A33AD6772B009819005A09AC /* PBXContainerItemProxy */ = {
			isa = PBXContainerItemProxy;
			containerPortal = A33AD65E2B009817005A09AC /* Project object */;
			proxyType = 1;
			remoteGlobalIDString = A33AD6652B009818005A09AC;
			remoteInfo = "ESewa Clone";
		};
		A33AD6812B009819005A09AC /* PBXContainerItemProxy */ = {
			isa = PBXContainerItemProxy;
			containerPortal = A33AD65E2B009817005A09AC /* Project object */;
			proxyType = 1;
			remoteGlobalIDString = A33AD6652B009818005A09AC;
			remoteInfo = "ESewa Clone";
		};
/* End PBXContainerItemProxy section */

/* Begin PBXFileReference section */
		A334A6172B878F4C008CC8D4 /* FormFieldModel + FormsExt.swift */ = {isa = PBXFileReference; lastKnownFileType = sourcecode.swift; path = "FormFieldModel + FormsExt.swift"; sourceTree = "<group>"; };
		A334A6192B8797DF008CC8D4 /* SceneDelegate.swift */ = {isa = PBXFileReference; lastKnownFileType = sourcecode.swift; path = SceneDelegate.swift; sourceTree = "<group>"; };
		A334A61B2B8798A1008CC8D4 /* AppDelegate.swift */ = {isa = PBXFileReference; lastKnownFileType = sourcecode.swift; path = AppDelegate.swift; sourceTree = "<group>"; };
		A334A61E2B879917008CC8D4 /* RootCoordinator.swift */ = {isa = PBXFileReference; lastKnownFileType = sourcecode.swift; path = RootCoordinator.swift; sourceTree = "<group>"; };
		A334A6202B879927008CC8D4 /* Coordinating.swift */ = {isa = PBXFileReference; lastKnownFileType = sourcecode.swift; path = Coordinating.swift; sourceTree = "<group>"; };
		A334A6232B8799AF008CC8D4 /* FormCoordinator.swift */ = {isa = PBXFileReference; lastKnownFileType = sourcecode.swift; path = FormCoordinator.swift; sourceTree = "<group>"; };
		A334A6282B87AAAD008CC8D4 /* ElectrictyRouter.swift */ = {isa = PBXFileReference; lastKnownFileType = sourcecode.swift; path = ElectrictyRouter.swift; sourceTree = "<group>"; };
		A33AD6662B009818005A09AC /* ESewa Clone.app */ = {isa = PBXFileReference; explicitFileType = wrapper.application; includeInIndex = 0; path = "ESewa Clone.app"; sourceTree = BUILT_PRODUCTS_DIR; };
		A33AD6692B009818005A09AC /* ESewa_CloneApp.swift */ = {isa = PBXFileReference; lastKnownFileType = sourcecode.swift; path = ESewa_CloneApp.swift; sourceTree = "<group>"; };
		A33AD66B2B009818005A09AC /* ContentView.swift */ = {isa = PBXFileReference; lastKnownFileType = sourcecode.swift; path = ContentView.swift; sourceTree = "<group>"; };
		A33AD66D2B009819005A09AC /* Assets.xcassets */ = {isa = PBXFileReference; lastKnownFileType = folder.assetcatalog; path = Assets.xcassets; sourceTree = "<group>"; };
		A33AD6702B009819005A09AC /* Preview Assets.xcassets */ = {isa = PBXFileReference; lastKnownFileType = folder.assetcatalog; path = "Preview Assets.xcassets"; sourceTree = "<group>"; };
		A33AD6762B009819005A09AC /* ESewa CloneTests.xctest */ = {isa = PBXFileReference; explicitFileType = wrapper.cfbundle; includeInIndex = 0; path = "ESewa CloneTests.xctest"; sourceTree = BUILT_PRODUCTS_DIR; };
		A33AD67A2B009819005A09AC /* ESewa_CloneTests.swift */ = {isa = PBXFileReference; lastKnownFileType = sourcecode.swift; path = ESewa_CloneTests.swift; sourceTree = "<group>"; };
		A33AD6802B009819005A09AC /* ESewa CloneUITests.xctest */ = {isa = PBXFileReference; explicitFileType = wrapper.cfbundle; includeInIndex = 0; path = "ESewa CloneUITests.xctest"; sourceTree = BUILT_PRODUCTS_DIR; };
		A33AD6842B009819005A09AC /* ESewa_CloneUITests.swift */ = {isa = PBXFileReference; lastKnownFileType = sourcecode.swift; path = ESewa_CloneUITests.swift; sourceTree = "<group>"; };
		A33AD6862B009819005A09AC /* ESewa_CloneUITestsLaunchTests.swift */ = {isa = PBXFileReference; lastKnownFileType = sourcecode.swift; path = ESewa_CloneUITestsLaunchTests.swift; sourceTree = "<group>"; };
		A33AD6942B009887005A09AC /* RouteCode.swift */ = {isa = PBXFileReference; fileEncoding = 4; lastKnownFileType = sourcecode.swift; path = RouteCode.swift; sourceTree = "<group>"; };
		A33AD6952B009887005A09AC /* NavigationRoutePath.swift */ = {isa = PBXFileReference; fileEncoding = 4; lastKnownFileType = sourcecode.swift; path = NavigationRoutePath.swift; sourceTree = "<group>"; };
		A33AD6962B009887005A09AC /* RouteIntentDto.swift */ = {isa = PBXFileReference; fileEncoding = 4; lastKnownFileType = sourcecode.swift; path = RouteIntentDto.swift; sourceTree = "<group>"; };
		A33AD6972B009887005A09AC /* Router.swift */ = {isa = PBXFileReference; fileEncoding = 4; lastKnownFileType = sourcecode.swift; path = Router.swift; sourceTree = "<group>"; };
		A34645F42B89A82C00A20230 /* GenericConfirmationVc.swift */ = {isa = PBXFileReference; lastKnownFileType = sourcecode.swift; path = GenericConfirmationVc.swift; sourceTree = "<group>"; };
		A34645F62B89A9A400A20230 /* CardShapeViewModifier.swift */ = {isa = PBXFileReference; lastKnownFileType = sourcecode.swift; path = CardShapeViewModifier.swift; sourceTree = "<group>"; };
		A34645F82B89B6E600A20230 /* SheetExt.swift */ = {isa = PBXFileReference; lastKnownFileType = sourcecode.swift; path = SheetExt.swift; sourceTree = "<group>"; };
		A34645FB2B89DA7300A20230 /* TxnPinSheetView.swift */ = {isa = PBXFileReference; lastKnownFileType = sourcecode.swift; path = TxnPinSheetView.swift; sourceTree = "<group>"; };
		A36529F82B9A03FC007C1240 /* ConfirmationEventListener.swift */ = {isa = PBXFileReference; lastKnownFileType = sourcecode.swift; path = ConfirmationEventListener.swift; sourceTree = "<group>"; };
		A371F1042B1B146600B50E77 /* DomainPackage */ = {isa = PBXFileReference; lastKnownFileType = wrapper; path = DomainPackage; sourceTree = "<group>"; };
		A371F1052B1B146600B50E77 /* FormPackage */ = {isa = PBXFileReference; lastKnownFileType = wrapper; path = FormPackage; sourceTree = "<group>"; };
		A371F10E2B1B225600B50E77 /* GenericFormScreen.swift */ = {isa = PBXFileReference; lastKnownFileType = sourcecode.swift; path = GenericFormScreen.swift; sourceTree = "<group>"; };
		A371F1112B1B252700B50E77 /* FormTextFieldView.swift */ = {isa = PBXFileReference; lastKnownFileType = sourcecode.swift; path = FormTextFieldView.swift; sourceTree = "<group>"; };
		A371F1132B1B2A0900B50E77 /* FormRouter.swift */ = {isa = PBXFileReference; lastKnownFileType = sourcecode.swift; path = FormRouter.swift; sourceTree = "<group>"; };
		A371F1152B1B3AB600B50E77 /* RouterMiddleware.swift */ = {isa = PBXFileReference; lastKnownFileType = sourcecode.swift; path = RouterMiddleware.swift; sourceTree = "<group>"; };
		A371F1182B1B43AC00B50E77 /* TaskExt.swift */ = {isa = PBXFileReference; lastKnownFileType = sourcecode.swift; path = TaskExt.swift; sourceTree = "<group>"; };
		A371F11A2B1B48DD00B50E77 /* FormViewModel.swift */ = {isa = PBXFileReference; lastKnownFileType = sourcecode.swift; path = FormViewModel.swift; sourceTree = "<group>"; };
		A371F11D2B1B498A00B50E77 /* BaseViewModel.swift */ = {isa = PBXFileReference; lastKnownFileType = sourcecode.swift; path = BaseViewModel.swift; sourceTree = "<group>"; };
		A371F1222B1B4F0900B50E77 /* BaseUseCase.swift */ = {isa = PBXFileReference; lastKnownFileType = sourcecode.swift; path = BaseUseCase.swift; sourceTree = "<group>"; };
		A371F1242B1B501E00B50E77 /* NetworkPackage */ = {isa = PBXFileReference; lastKnownFileType = wrapper; path = NetworkPackage; sourceTree = "<group>"; };
		A371F1282B1B5D3700B50E77 /* FormUseCaseImpl.swift */ = {isa = PBXFileReference; lastKnownFileType = sourcecode.swift; path = FormUseCaseImpl.swift; sourceTree = "<group>"; };
		A371F12C2B1B6CC500B50E77 /* AppFactory.swift */ = {isa = PBXFileReference; fileEncoding = 4; lastKnownFileType = sourcecode.swift; path = AppFactory.swift; sourceTree = "<group>"; };
		A371F12D2B1B6CC500B50E77 /* DataFactory.swift */ = {isa = PBXFileReference; fileEncoding = 4; lastKnownFileType = sourcecode.swift; path = DataFactory.swift; sourceTree = "<group>"; };
		A371F12E2B1B6CC500B50E77 /* VmFactory.swift */ = {isa = PBXFileReference; fileEncoding = 4; lastKnownFileType = sourcecode.swift; path = VmFactory.swift; sourceTree = "<group>"; };
		A37415BA2B03D3DB007D1ECA /* HorizontalProductPagerView.swift */ = {isa = PBXFileReference; lastKnownFileType = sourcecode.swift; path = HorizontalProductPagerView.swift; sourceTree = "<group>"; };
		A384DF2F2B86529400DE9A18 /* FormUseCaseMockImpl.swift */ = {isa = PBXFileReference; lastKnownFileType = sourcecode.swift; path = FormUseCaseMockImpl.swift; sourceTree = "<group>"; };
		A394A77D2B02171C0030AAF1 /* MenuShapeViewModifier.swift */ = {isa = PBXFileReference; lastKnownFileType = sourcecode.swift; path = MenuShapeViewModifier.swift; sourceTree = "<group>"; };
		A394A7832B021F930030AAF1 /* ProfileScreen.swift */ = {isa = PBXFileReference; lastKnownFileType = sourcecode.swift; path = ProfileScreen.swift; sourceTree = "<group>"; };
		A3ACA44D2B2C3D4E0051E9D4 /* HelpAndFaqListView.swift */ = {isa = PBXFileReference; fileEncoding = 4; lastKnownFileType = sourcecode.swift; path = HelpAndFaqListView.swift; sourceTree = "<group>"; };
		A3ACA44E2B2C3D4E0051E9D4 /* HelpAndSupportScreen.swift */ = {isa = PBXFileReference; fileEncoding = 4; lastKnownFileType = sourcecode.swift; path = HelpAndSupportScreen.swift; sourceTree = "<group>"; };
		A3ACA44F2B2C3D4E0051E9D4 /* SupportScreen.swift */ = {isa = PBXFileReference; fileEncoding = 4; lastKnownFileType = sourcecode.swift; path = SupportScreen.swift; sourceTree = "<group>"; };
		A3ACA4512B2C3D4F0051E9D4 /* StatementScreen.swift */ = {isa = PBXFileReference; fileEncoding = 4; lastKnownFileType = sourcecode.swift; path = StatementScreen.swift; sourceTree = "<group>"; };
		A3ACA4572B2C3D4F0051E9D4 /* MoreHeaderView.swift */ = {isa = PBXFileReference; fileEncoding = 4; lastKnownFileType = sourcecode.swift; path = MoreHeaderView.swift; sourceTree = "<group>"; };
		A3ACA4582B2C3D4F0051E9D4 /* MoreScreen.swift */ = {isa = PBXFileReference; fileEncoding = 4; lastKnownFileType = sourcecode.swift; path = MoreScreen.swift; sourceTree = "<group>"; };
		A3ACA45B2B2C3D4F0051E9D4 /* HorizontalProductPagerView.swift */ = {isa = PBXFileReference; fileEncoding = 4; lastKnownFileType = sourcecode.swift; path = HorizontalProductPagerView.swift; sourceTree = "<group>"; };
		A3ACA45E2B2C3D500051E9D4 /* MenuListMoreView.swift */ = {isa = PBXFileReference; fileEncoding = 4; lastKnownFileType = sourcecode.swift; path = MenuListMoreView.swift; sourceTree = "<group>"; };
		A3ACA45F2B2C3D500051E9D4 /* MenuIconDescListView.swift */ = {isa = PBXFileReference; fileEncoding = 4; lastKnownFileType = sourcecode.swift; path = MenuIconDescListView.swift; sourceTree = "<group>"; };
		A3ACA4602B2C3D500051E9D4 /* ExpandedView.swift */ = {isa = PBXFileReference; fileEncoding = 4; lastKnownFileType = sourcecode.swift; path = ExpandedView.swift; sourceTree = "<group>"; };
		A3ACA4612B2C3D500051E9D4 /* GridListMenuView.swift */ = {isa = PBXFileReference; fileEncoding = 4; lastKnownFileType = sourcecode.swift; path = GridListMenuView.swift; sourceTree = "<group>"; };
		A3ACA4622B2C3D500051E9D4 /* ImageAsyncView.swift */ = {isa = PBXFileReference; fileEncoding = 4; lastKnownFileType = sourcecode.swift; path = ImageAsyncView.swift; sourceTree = "<group>"; };
		A3ACA4652B2C3D500051E9D4 /* HomeScreenViewTypes.swift */ = {isa = PBXFileReference; fileEncoding = 4; lastKnownFileType = sourcecode.swift; path = HomeScreenViewTypes.swift; sourceTree = "<group>"; };
		A3ACA4672B2C3D500051E9D4 /* HomeToolbarView.swift */ = {isa = PBXFileReference; fileEncoding = 4; lastKnownFileType = sourcecode.swift; path = HomeToolbarView.swift; sourceTree = "<group>"; };
		A3ACA4682B2C3D500051E9D4 /* HomePrimaryMenuView.swift */ = {isa = PBXFileReference; fileEncoding = 4; lastKnownFileType = sourcecode.swift; path = HomePrimaryMenuView.swift; sourceTree = "<group>"; };
		A3ACA4692B2C3D500051E9D4 /* HomeScreen.swift */ = {isa = PBXFileReference; fileEncoding = 4; lastKnownFileType = sourcecode.swift; path = HomeScreen.swift; sourceTree = "<group>"; };
		A3ACA46B2B2C3D500051E9D4 /* DashboardScreen.swift */ = {isa = PBXFileReference; fileEncoding = 4; lastKnownFileType = sourcecode.swift; path = DashboardScreen.swift; sourceTree = "<group>"; };
		A3ACA4802B2C3ECC0051E9D4 /* AccountBalanceView.swift */ = {isa = PBXFileReference; lastKnownFileType = sourcecode.swift; path = AccountBalanceView.swift; sourceTree = "<group>"; };
		A3ACA4822B2C40C90051E9D4 /* AmountBalanceModifier.swift */ = {isa = PBXFileReference; lastKnownFileType = sourcecode.swift; path = AmountBalanceModifier.swift; sourceTree = "<group>"; };
		A3ACA4842B2C49020051E9D4 /* StatementViewModel.swift */ = {isa = PBXFileReference; lastKnownFileType = sourcecode.swift; path = StatementViewModel.swift; sourceTree = "<group>"; };
		A3ACA4862B2C4A3F0051E9D4 /* StatementUseCaseImpl.swift */ = {isa = PBXFileReference; lastKnownFileType = sourcecode.swift; path = StatementUseCaseImpl.swift; sourceTree = "<group>"; };
		A3B3EF5F2B088F5C00392609 /* MoreHeaderView.swift */ = {isa = PBXFileReference; lastKnownFileType = sourcecode.swift; path = MoreHeaderView.swift; sourceTree = "<group>"; };
		A3B3EF632B0895EE00392609 /* MoreScreen.swift */ = {isa = PBXFileReference; lastKnownFileType = sourcecode.swift; path = MoreScreen.swift; sourceTree = "<group>"; };
		A3BCD6172B08791D000CD081 /* CGFloatExt.swift */ = {isa = PBXFileReference; lastKnownFileType = sourcecode.swift; path = CGFloatExt.swift; sourceTree = "<group>"; };
		A3E74CA82B22D9EA006DFB17 /* FillButtonStyle.swift */ = {isa = PBXFileReference; lastKnownFileType = sourcecode.swift; path = FillButtonStyle.swift; sourceTree = "<group>"; };
		A3E74CAA2B22DEC0006DFB17 /* ProgressViewModifier.swift */ = {isa = PBXFileReference; lastKnownFileType = sourcecode.swift; path = ProgressViewModifier.swift; sourceTree = "<group>"; };
		A3E74CAE2B230456006DFB17 /* TextStyleModifier.swift */ = {isa = PBXFileReference; lastKnownFileType = sourcecode.swift; path = TextStyleModifier.swift; sourceTree = "<group>"; };
		A3E74CB02B23354D006DFB17 /* Info.plist */ = {isa = PBXFileReference; lastKnownFileType = text.plist.xml; path = Info.plist; sourceTree = "<group>"; };
		A3ECAED02B00FB3E00CA8E32 /* ImageExt.swift */ = {isa = PBXFileReference; lastKnownFileType = sourcecode.swift; path = ImageExt.swift; sourceTree = "<group>"; };
		A3ECAED42B012BE900CA8E32 /* ColorExt.swift */ = {isa = PBXFileReference; lastKnownFileType = sourcecode.swift; path = ColorExt.swift; sourceTree = "<group>"; };
/* End PBXFileReference section */

/* Begin PBXFrameworksBuildPhase section */
		A33AD6632B009818005A09AC /* Frameworks */ = {
			isa = PBXFrameworksBuildPhase;
			buildActionMask = 2147483647;
			files = (
				A371F10A2B1B15FF00B50E77 /* DomainPackage in Frameworks */,
				A371F10C2B1B160100B50E77 /* FormPackage in Frameworks */,
				A371F1262B1B513200B50E77 /* NetworkPackage in Frameworks */,
			);
			runOnlyForDeploymentPostprocessing = 0;
		};
		A33AD6732B009819005A09AC /* Frameworks */ = {
			isa = PBXFrameworksBuildPhase;
			buildActionMask = 2147483647;
			files = (
			);
			runOnlyForDeploymentPostprocessing = 0;
		};
		A33AD67D2B009819005A09AC /* Frameworks */ = {
			isa = PBXFrameworksBuildPhase;
			buildActionMask = 2147483647;
			files = (
			);
			runOnlyForDeploymentPostprocessing = 0;
		};
/* End PBXFrameworksBuildPhase section */

/* Begin PBXGroup section */
		A334A6162B878F3B008CC8D4 /* FormExt */ = {
			isa = PBXGroup;
			children = (
				A334A6172B878F4C008CC8D4 /* FormFieldModel + FormsExt.swift */,
			);
			path = FormExt;
			sourceTree = "<group>";
		};
		A334A61D2B879904008CC8D4 /* Coordinator */ = {
			isa = PBXGroup;
			children = (
				A334A61E2B879917008CC8D4 /* RootCoordinator.swift */,
				A334A6202B879927008CC8D4 /* Coordinating.swift */,
				A334A6232B8799AF008CC8D4 /* FormCoordinator.swift */,
			);
			path = Coordinator;
			sourceTree = "<group>";
		};
		A334A6252B87A9F6008CC8D4 /* Features */ = {
			isa = PBXGroup;
			children = (
				A334A6272B87AA9F008CC8D4 /* Electricity */,
			);
			path = Features;
			sourceTree = "<group>";
		};
		A334A6262B87AA64008CC8D4 /* Configurations */ = {
			isa = PBXGroup;
			children = (
				A33AD6962B009887005A09AC /* RouteIntentDto.swift */,
				A33AD6942B009887005A09AC /* RouteCode.swift */,
				A33AD6952B009887005A09AC /* NavigationRoutePath.swift */,
				A371F1152B1B3AB600B50E77 /* RouterMiddleware.swift */,
			);
			path = Configurations;
			sourceTree = "<group>";
		};
		A334A6272B87AA9F008CC8D4 /* Electricity */ = {
			isa = PBXGroup;
			children = (
				A334A6282B87AAAD008CC8D4 /* ElectrictyRouter.swift */,
			);
			path = Electricity;
			sourceTree = "<group>";
		};
		A33AD65D2B009817005A09AC = {
			isa = PBXGroup;
			children = (
				A371F1032B1B145E00B50E77 /* Packages */,
				A33AD6682B009818005A09AC /* ESewa Clone */,
				A33AD6792B009819005A09AC /* ESewa CloneTests */,
				A33AD6832B009819005A09AC /* ESewa CloneUITests */,
				A33AD6672B009818005A09AC /* Products */,
				A371F1082B1B15FF00B50E77 /* Frameworks */,
			);
			sourceTree = "<group>";
		};
		A33AD6672B009818005A09AC /* Products */ = {
			isa = PBXGroup;
			children = (
				A33AD6662B009818005A09AC /* ESewa Clone.app */,
				A33AD6762B009819005A09AC /* ESewa CloneTests.xctest */,
				A33AD6802B009819005A09AC /* ESewa CloneUITests.xctest */,
			);
			name = Products;
			sourceTree = "<group>";
		};
		A33AD6682B009818005A09AC /* ESewa Clone */ = {
			isa = PBXGroup;
			children = (
				A3E74CB02B23354D006DFB17 /* Info.plist */,
				A3ECAECE2B00FB1E00CA8E32 /* Utils */,
				A33AD69F2B009994005A09AC /* Infrastructure */,
				A33AD69E2B009989005A09AC /* Features */,
				A33AD69D2B009984005A09AC /* Data */,
				A33AD6692B009818005A09AC /* ESewa_CloneApp.swift */,
				A33AD66B2B009818005A09AC /* ContentView.swift */,
				A33AD66D2B009819005A09AC /* Assets.xcassets */,
				A33AD66F2B009819005A09AC /* Preview Content */,
				A334A6192B8797DF008CC8D4 /* SceneDelegate.swift */,
				A334A61B2B8798A1008CC8D4 /* AppDelegate.swift */,
			);
			path = "ESewa Clone";
			sourceTree = "<group>";
		};
		A33AD66F2B009819005A09AC /* Preview Content */ = {
			isa = PBXGroup;
			children = (
				A33AD6702B009819005A09AC /* Preview Assets.xcassets */,
			);
			path = "Preview Content";
			sourceTree = "<group>";
		};
		A33AD6792B009819005A09AC /* ESewa CloneTests */ = {
			isa = PBXGroup;
			children = (
				A33AD67A2B009819005A09AC /* ESewa_CloneTests.swift */,
			);
			path = "ESewa CloneTests";
			sourceTree = "<group>";
		};
		A33AD6832B009819005A09AC /* ESewa CloneUITests */ = {
			isa = PBXGroup;
			children = (
				A33AD6842B009819005A09AC /* ESewa_CloneUITests.swift */,
				A33AD6862B009819005A09AC /* ESewa_CloneUITestsLaunchTests.swift */,
			);
			path = "ESewa CloneUITests";
			sourceTree = "<group>";
		};
		A33AD6932B009887005A09AC /* Router */ = {
			isa = PBXGroup;
			children = (
				A334A6262B87AA64008CC8D4 /* Configurations */,
				A33AD6972B009887005A09AC /* Router.swift */,
				A371F1132B1B2A0900B50E77 /* FormRouter.swift */,
			);
			path = Router;
			sourceTree = "<group>";
		};
		A33AD69D2B009984005A09AC /* Data */ = {
			isa = PBXGroup;
			children = (
				A371F1272B1B5CD900B50E77 /* UseCase */,
				A371F11C2B1B497A00B50E77 /* Base */,
			);
			path = Data;
			sourceTree = "<group>";
		};
		A33AD69E2B009989005A09AC /* Features */ = {
			isa = PBXGroup;
			children = (
				A3ACA47E2B2C3EB80051E9D4 /* Account */,
				A3ACA45C2B2C3D500051E9D4 /* Common */,
				A3ACA46A2B2C3D500051E9D4 /* Dashboard */,
				A3ACA4632B2C3D500051E9D4 /* Home */,
				A3ACA4552B2C3D4F0051E9D4 /* More */,
				A3ACA4592B2C3D4F0051E9D4 /* Products */,
				A3ACA4502B2C3D4F0051E9D4 /* Statement */,
				A3ACA44B2B2C3D4E0051E9D4 /* Support */,
				A371F10D2B1B224500B50E77 /* Forms */,
				A3B3EF612B0895C100392609 /* More */,
				A37415B82B03D3AC007D1ECA /* Products */,
				A394A7822B021F860030AAF1 /* Profile */,
			);
			path = Features;
			sourceTree = "<group>";
		};
		A33AD69F2B009994005A09AC /* Infrastructure */ = {
			isa = PBXGroup;
			children = (
				A334A61D2B879904008CC8D4 /* Coordinator */,
				A371F12B2B1B6CC500B50E77 /* DI */,
				A371F1172B1B43A000B50E77 /* Extensions */,
				A33AD6932B009887005A09AC /* Router */,
			);
			path = Infrastructure;
			sourceTree = "<group>";
		};
		A34645FA2B89DA5F00A20230 /* Pins */ = {
			isa = PBXGroup;
			children = (
				A34645FB2B89DA7300A20230 /* TxnPinSheetView.swift */,
			);
			path = Pins;
			sourceTree = "<group>";
		};
		A36529F72B9A03B5007C1240 /* Confirmations */ = {
			isa = PBXGroup;
			children = (
				A34645F42B89A82C00A20230 /* GenericConfirmationVc.swift */,
				A36529F82B9A03FC007C1240 /* ConfirmationEventListener.swift */,
			);
			path = Confirmations;
			sourceTree = "<group>";
		};
		A371F1032B1B145E00B50E77 /* Packages */ = {
			isa = PBXGroup;
			children = (
				A371F1242B1B501E00B50E77 /* NetworkPackage */,
				A371F1042B1B146600B50E77 /* DomainPackage */,
				A371F1052B1B146600B50E77 /* FormPackage */,
			);
			path = Packages;
			sourceTree = "<group>";
		};
		A371F1082B1B15FF00B50E77 /* Frameworks */ = {
			isa = PBXGroup;
			children = (
			);
			name = Frameworks;
			sourceTree = "<group>";
		};
		A371F10D2B1B224500B50E77 /* Forms */ = {
			isa = PBXGroup;
			children = (
				A36529F72B9A03B5007C1240 /* Confirmations */,
				A334A6252B87A9F6008CC8D4 /* Features */,
				A334A6162B878F3B008CC8D4 /* FormExt */,
				A394A7702B0208B60030AAF1 /* ViewModel */,
				A371F1102B1B251900B50E77 /* TextFields */,
				A371F10E2B1B225600B50E77 /* GenericFormScreen.swift */,
			);
			path = Forms;
			sourceTree = "<group>";
		};
		A371F1102B1B251900B50E77 /* TextFields */ = {
			isa = PBXGroup;
			children = (
				A371F1112B1B252700B50E77 /* FormTextFieldView.swift */,
			);
			path = TextFields;
			sourceTree = "<group>";
		};
		A371F1172B1B43A000B50E77 /* Extensions */ = {
			isa = PBXGroup;
			children = (
				A371F1182B1B43AC00B50E77 /* TaskExt.swift */,
			);
			path = Extensions;
			sourceTree = "<group>";
		};
		A371F11C2B1B497A00B50E77 /* Base */ = {
			isa = PBXGroup;
			children = (
				A371F11D2B1B498A00B50E77 /* BaseViewModel.swift */,
				A371F1222B1B4F0900B50E77 /* BaseUseCase.swift */,
			);
			path = Base;
			sourceTree = "<group>";
		};
		A371F1272B1B5CD900B50E77 /* UseCase */ = {
			isa = PBXGroup;
			children = (
				A371F1282B1B5D3700B50E77 /* FormUseCaseImpl.swift */,
				A3ACA4862B2C4A3F0051E9D4 /* StatementUseCaseImpl.swift */,
				A384DF2F2B86529400DE9A18 /* FormUseCaseMockImpl.swift */,
			);
			path = UseCase;
			sourceTree = "<group>";
		};
		A371F12B2B1B6CC500B50E77 /* DI */ = {
			isa = PBXGroup;
			children = (
				A371F12C2B1B6CC500B50E77 /* AppFactory.swift */,
				A371F12D2B1B6CC500B50E77 /* DataFactory.swift */,
				A371F12E2B1B6CC500B50E77 /* VmFactory.swift */,
			);
			path = DI;
			sourceTree = "<group>";
		};
		A37415B82B03D3AC007D1ECA /* Products */ = {
			isa = PBXGroup;
			children = (
				A37415B92B03D3B3007D1ECA /* View */,
			);
			path = Products;
			sourceTree = "<group>";
		};
		A37415B92B03D3B3007D1ECA /* View */ = {
			isa = PBXGroup;
			children = (
				A37415BA2B03D3DB007D1ECA /* HorizontalProductPagerView.swift */,
			);
			path = View;
			sourceTree = "<group>";
		};
		A394A7702B0208B60030AAF1 /* ViewModel */ = {
			isa = PBXGroup;
			children = (
				A371F11A2B1B48DD00B50E77 /* FormViewModel.swift */,
			);
			path = ViewModel;
			sourceTree = "<group>";
		};
		A394A77C2B0216FB0030AAF1 /* Modifiers */ = {
			isa = PBXGroup;
			children = (
				A394A77D2B02171C0030AAF1 /* MenuShapeViewModifier.swift */,
				A3E74CA82B22D9EA006DFB17 /* FillButtonStyle.swift */,
				A3E74CAA2B22DEC0006DFB17 /* ProgressViewModifier.swift */,
				A3E74CAE2B230456006DFB17 /* TextStyleModifier.swift */,
				A3ACA4822B2C40C90051E9D4 /* AmountBalanceModifier.swift */,
				A34645F62B89A9A400A20230 /* CardShapeViewModifier.swift */,
			);
			path = Modifiers;
			sourceTree = "<group>";
		};
		A394A7822B021F860030AAF1 /* Profile */ = {
			isa = PBXGroup;
			children = (
				A3B3EF5E2B088F5100392609 /* View */,
				A394A7832B021F930030AAF1 /* ProfileScreen.swift */,
			);
			path = Profile;
			sourceTree = "<group>";
		};
		A3ACA44B2B2C3D4E0051E9D4 /* Support */ = {
			isa = PBXGroup;
			children = (
				A3ACA44C2B2C3D4E0051E9D4 /* View */,
				A3ACA44F2B2C3D4E0051E9D4 /* SupportScreen.swift */,
			);
			path = Support;
			sourceTree = "<group>";
		};
		A3ACA44C2B2C3D4E0051E9D4 /* View */ = {
			isa = PBXGroup;
			children = (
				A3ACA44D2B2C3D4E0051E9D4 /* HelpAndFaqListView.swift */,
				A3ACA44E2B2C3D4E0051E9D4 /* HelpAndSupportScreen.swift */,
			);
			path = View;
			sourceTree = "<group>";
		};
		A3ACA4502B2C3D4F0051E9D4 /* Statement */ = {
			isa = PBXGroup;
			children = (
				A3ACA4512B2C3D4F0051E9D4 /* StatementScreen.swift */,
				A3ACA4842B2C49020051E9D4 /* StatementViewModel.swift */,
			);
			path = Statement;
			sourceTree = "<group>";
		};
		A3ACA4552B2C3D4F0051E9D4 /* More */ = {
			isa = PBXGroup;
			children = (
				A3ACA4562B2C3D4F0051E9D4 /* View */,
			);
			path = More;
			sourceTree = "<group>";
		};
		A3ACA4562B2C3D4F0051E9D4 /* View */ = {
			isa = PBXGroup;
			children = (
				A3ACA4572B2C3D4F0051E9D4 /* MoreHeaderView.swift */,
				A3ACA4582B2C3D4F0051E9D4 /* MoreScreen.swift */,
			);
			path = View;
			sourceTree = "<group>";
		};
		A3ACA4592B2C3D4F0051E9D4 /* Products */ = {
			isa = PBXGroup;
			children = (
				A3ACA45A2B2C3D4F0051E9D4 /* View */,
			);
			path = Products;
			sourceTree = "<group>";
		};
		A3ACA45A2B2C3D4F0051E9D4 /* View */ = {
			isa = PBXGroup;
			children = (
				A3ACA45B2B2C3D4F0051E9D4 /* HorizontalProductPagerView.swift */,
			);
			path = View;
			sourceTree = "<group>";
		};
		A3ACA45C2B2C3D500051E9D4 /* Common */ = {
			isa = PBXGroup;
			children = (
				A3ACA45D2B2C3D500051E9D4 /* View */,
			);
			path = Common;
			sourceTree = "<group>";
		};
		A3ACA45D2B2C3D500051E9D4 /* View */ = {
			isa = PBXGroup;
			children = (
				A34645FA2B89DA5F00A20230 /* Pins */,
				A3ACA45E2B2C3D500051E9D4 /* MenuListMoreView.swift */,
				A3ACA45F2B2C3D500051E9D4 /* MenuIconDescListView.swift */,
				A3ACA4602B2C3D500051E9D4 /* ExpandedView.swift */,
				A3ACA4612B2C3D500051E9D4 /* GridListMenuView.swift */,
				A3ACA4622B2C3D500051E9D4 /* ImageAsyncView.swift */,
			);
			path = View;
			sourceTree = "<group>";
		};
		A3ACA4632B2C3D500051E9D4 /* Home */ = {
			isa = PBXGroup;
			children = (
				A3ACA4642B2C3D500051E9D4 /* Model */,
				A3ACA4662B2C3D500051E9D4 /* View */,
			);
			path = Home;
			sourceTree = "<group>";
		};
		A3ACA4642B2C3D500051E9D4 /* Model */ = {
			isa = PBXGroup;
			children = (
				A3ACA4652B2C3D500051E9D4 /* HomeScreenViewTypes.swift */,
			);
			path = Model;
			sourceTree = "<group>";
		};
		A3ACA4662B2C3D500051E9D4 /* View */ = {
			isa = PBXGroup;
			children = (
				A3ACA4672B2C3D500051E9D4 /* HomeToolbarView.swift */,
				A3ACA4682B2C3D500051E9D4 /* HomePrimaryMenuView.swift */,
				A3ACA4692B2C3D500051E9D4 /* HomeScreen.swift */,
			);
			path = View;
			sourceTree = "<group>";
		};
		A3ACA46A2B2C3D500051E9D4 /* Dashboard */ = {
			isa = PBXGroup;
			children = (
				A3ACA46B2B2C3D500051E9D4 /* DashboardScreen.swift */,
			);
			path = Dashboard;
			sourceTree = "<group>";
		};
		A3ACA47E2B2C3EB80051E9D4 /* Account */ = {
			isa = PBXGroup;
			children = (
				A3ACA47F2B2C3EBD0051E9D4 /* View */,
			);
			path = Account;
			sourceTree = "<group>";
		};
		A3ACA47F2B2C3EBD0051E9D4 /* View */ = {
			isa = PBXGroup;
			children = (
				A3ACA4802B2C3ECC0051E9D4 /* AccountBalanceView.swift */,
			);
			path = View;
			sourceTree = "<group>";
		};
		A3B3EF5E2B088F5100392609 /* View */ = {
			isa = PBXGroup;
			children = (
			);
			path = View;
			sourceTree = "<group>";
		};
		A3B3EF612B0895C100392609 /* More */ = {
			isa = PBXGroup;
			children = (
				A3B3EF622B0895C600392609 /* View */,
			);
			path = More;
			sourceTree = "<group>";
		};
		A3B3EF622B0895C600392609 /* View */ = {
			isa = PBXGroup;
			children = (
				A3B3EF5F2B088F5C00392609 /* MoreHeaderView.swift */,
				A3B3EF632B0895EE00392609 /* MoreScreen.swift */,
			);
			path = View;
			sourceTree = "<group>";
		};
		A3ECAECE2B00FB1E00CA8E32 /* Utils */ = {
			isa = PBXGroup;
			children = (
				A394A77C2B0216FB0030AAF1 /* Modifiers */,
				A3ECAECF2B00FB2800CA8E32 /* ViewExt */,
			);
			path = Utils;
			sourceTree = "<group>";
		};
		A3ECAECF2B00FB2800CA8E32 /* ViewExt */ = {
			isa = PBXGroup;
			children = (
				A3ECAED02B00FB3E00CA8E32 /* ImageExt.swift */,
				A3ECAED42B012BE900CA8E32 /* ColorExt.swift */,
				A3BCD6172B08791D000CD081 /* CGFloatExt.swift */,
				A34645F82B89B6E600A20230 /* SheetExt.swift */,
			);
			path = ViewExt;
			sourceTree = "<group>";
		};
/* End PBXGroup section */

/* Begin PBXNativeTarget section */
		A33AD6652B009818005A09AC /* ESewa Clone */ = {
			isa = PBXNativeTarget;
			buildConfigurationList = A33AD68A2B009819005A09AC /* Build configuration list for PBXNativeTarget "ESewa Clone" */;
			buildPhases = (
				A33AD6622B009818005A09AC /* Sources */,
				A33AD6632B009818005A09AC /* Frameworks */,
				A33AD6642B009818005A09AC /* Resources */,
			);
			buildRules = (
			);
			dependencies = (
			);
			name = "ESewa Clone";
			packageProductDependencies = (
				A371F1092B1B15FF00B50E77 /* DomainPackage */,
				A371F10B2B1B160100B50E77 /* FormPackage */,
				A371F1252B1B513200B50E77 /* NetworkPackage */,
			);
			productName = "ESewa Clone";
			productReference = A33AD6662B009818005A09AC /* ESewa Clone.app */;
			productType = "com.apple.product-type.application";
		};
		A33AD6752B009819005A09AC /* ESewa CloneTests */ = {
			isa = PBXNativeTarget;
			buildConfigurationList = A33AD68D2B009819005A09AC /* Build configuration list for PBXNativeTarget "ESewa CloneTests" */;
			buildPhases = (
				A33AD6722B009819005A09AC /* Sources */,
				A33AD6732B009819005A09AC /* Frameworks */,
				A33AD6742B009819005A09AC /* Resources */,
			);
			buildRules = (
			);
			dependencies = (
				A33AD6782B009819005A09AC /* PBXTargetDependency */,
			);
			name = "ESewa CloneTests";
			productName = "ESewa CloneTests";
			productReference = A33AD6762B009819005A09AC /* ESewa CloneTests.xctest */;
			productType = "com.apple.product-type.bundle.unit-test";
		};
		A33AD67F2B009819005A09AC /* ESewa CloneUITests */ = {
			isa = PBXNativeTarget;
			buildConfigurationList = A33AD6902B009819005A09AC /* Build configuration list for PBXNativeTarget "ESewa CloneUITests" */;
			buildPhases = (
				A33AD67C2B009819005A09AC /* Sources */,
				A33AD67D2B009819005A09AC /* Frameworks */,
				A33AD67E2B009819005A09AC /* Resources */,
			);
			buildRules = (
			);
			dependencies = (
				A33AD6822B009819005A09AC /* PBXTargetDependency */,
			);
			name = "ESewa CloneUITests";
			productName = "ESewa CloneUITests";
			productReference = A33AD6802B009819005A09AC /* ESewa CloneUITests.xctest */;
			productType = "com.apple.product-type.bundle.ui-testing";
		};
/* End PBXNativeTarget section */

/* Begin PBXProject section */
		A33AD65E2B009817005A09AC /* Project object */ = {
			isa = PBXProject;
			attributes = {
				BuildIndependentTargetsInParallel = 1;
				LastSwiftUpdateCheck = 1430;
				LastUpgradeCheck = 1430;
				TargetAttributes = {
					A33AD6652B009818005A09AC = {
						CreatedOnToolsVersion = 14.3.1;
					};
					A33AD6752B009819005A09AC = {
						CreatedOnToolsVersion = 14.3.1;
						TestTargetID = A33AD6652B009818005A09AC;
					};
					A33AD67F2B009819005A09AC = {
						CreatedOnToolsVersion = 14.3.1;
						TestTargetID = A33AD6652B009818005A09AC;
					};
				};
			};
			buildConfigurationList = A33AD6612B009817005A09AC /* Build configuration list for PBXProject "ESewa Clone" */;
			compatibilityVersion = "Xcode 14.0";
			developmentRegion = en;
			hasScannedForEncodings = 0;
			knownRegions = (
				en,
				Base,
			);
			mainGroup = A33AD65D2B009817005A09AC;
			productRefGroup = A33AD6672B009818005A09AC /* Products */;
			projectDirPath = "";
			projectRoot = "";
			targets = (
				A33AD6652B009818005A09AC /* ESewa Clone */,
				A33AD6752B009819005A09AC /* ESewa CloneTests */,
				A33AD67F2B009819005A09AC /* ESewa CloneUITests */,
			);
		};
/* End PBXProject section */

/* Begin PBXResourcesBuildPhase section */
		A33AD6642B009818005A09AC /* Resources */ = {
			isa = PBXResourcesBuildPhase;
			buildActionMask = 2147483647;
			files = (
				A33AD6712B009819005A09AC /* Preview Assets.xcassets in Resources */,
				A33AD66E2B009819005A09AC /* Assets.xcassets in Resources */,
			);
			runOnlyForDeploymentPostprocessing = 0;
		};
		A33AD6742B009819005A09AC /* Resources */ = {
			isa = PBXResourcesBuildPhase;
			buildActionMask = 2147483647;
			files = (
			);
			runOnlyForDeploymentPostprocessing = 0;
		};
		A33AD67E2B009819005A09AC /* Resources */ = {
			isa = PBXResourcesBuildPhase;
			buildActionMask = 2147483647;
			files = (
			);
			runOnlyForDeploymentPostprocessing = 0;
		};
/* End PBXResourcesBuildPhase section */

/* Begin PBXSourcesBuildPhase section */
		A33AD6622B009818005A09AC /* Sources */ = {
			isa = PBXSourcesBuildPhase;
			buildActionMask = 2147483647;
			files = (
				A3ACA4742B2C3D500051E9D4 /* MenuListMoreView.swift in Sources */,
				A3ACA4752B2C3D500051E9D4 /* MenuIconDescListView.swift in Sources */,
				A371F1312B1B6CC500B50E77 /* VmFactory.swift in Sources */,
				A3ACA46C2B2C3D500051E9D4 /* HelpAndFaqListView.swift in Sources */,
				A371F11B2B1B48DD00B50E77 /* FormViewModel.swift in Sources */,
				A371F1162B1B3AB600B50E77 /* RouterMiddleware.swift in Sources */,
				A3E74CAF2B230456006DFB17 /* TextStyleModifier.swift in Sources */,
				A3ACA47A2B2C3D500051E9D4 /* HomeToolbarView.swift in Sources */,
				A3BCD6182B08791D000CD081 /* CGFloatExt.swift in Sources */,
				A371F1122B1B252700B50E77 /* FormTextFieldView.swift in Sources */,
				A3ACA4792B2C3D500051E9D4 /* HomeScreenViewTypes.swift in Sources */,
				A3E74CA92B22D9EA006DFB17 /* FillButtonStyle.swift in Sources */,
				A371F10F2B1B225600B50E77 /* GenericFormScreen.swift in Sources */,
				A34645FC2B89DA7300A20230 /* TxnPinSheetView.swift in Sources */,
				A37415BB2B03D3DC007D1ECA /* HorizontalProductPagerView.swift in Sources */,
				A3ACA47D2B2C3D500051E9D4 /* DashboardScreen.swift in Sources */,
				A34645F72B89A9A400A20230 /* CardShapeViewModifier.swift in Sources */,
				A3ACA4832B2C40C90051E9D4 /* AmountBalanceModifier.swift in Sources */,
				A3ACA4732B2C3D500051E9D4 /* HorizontalProductPagerView.swift in Sources */,
				A3ACA4712B2C3D500051E9D4 /* MoreHeaderView.swift in Sources */,
				A394A7842B021F930030AAF1 /* ProfileScreen.swift in Sources */,
				A33AD6992B009887005A09AC /* NavigationRoutePath.swift in Sources */,
				A3ACA4762B2C3D500051E9D4 /* ExpandedView.swift in Sources */,
				A3ACA4852B2C49020051E9D4 /* StatementViewModel.swift in Sources */,
				A36529F92B9A03FC007C1240 /* ConfirmationEventListener.swift in Sources */,
				A334A6212B879927008CC8D4 /* Coordinating.swift in Sources */,
				A3ACA46F2B2C3D500051E9D4 /* StatementScreen.swift in Sources */,
				A334A6182B878F4C008CC8D4 /* FormFieldModel + FormsExt.swift in Sources */,
				A33AD66C2B009818005A09AC /* ContentView.swift in Sources */,
				A3B3EF602B088F5C00392609 /* MoreHeaderView.swift in Sources */,
				A3ACA46D2B2C3D500051E9D4 /* HelpAndSupportScreen.swift in Sources */,
				A371F1302B1B6CC500B50E77 /* DataFactory.swift in Sources */,
				A334A61A2B8797DF008CC8D4 /* SceneDelegate.swift in Sources */,
				A334A6292B87AAAD008CC8D4 /* ElectrictyRouter.swift in Sources */,
				A33AD69A2B009887005A09AC /* RouteIntentDto.swift in Sources */,
				A33AD66A2B009818005A09AC /* ESewa_CloneApp.swift in Sources */,
				A3ACA4872B2C4A3F0051E9D4 /* StatementUseCaseImpl.swift in Sources */,
				A3ACA4722B2C3D500051E9D4 /* MoreScreen.swift in Sources */,
				A371F11E2B1B498A00B50E77 /* BaseViewModel.swift in Sources */,
				A371F1192B1B43AC00B50E77 /* TaskExt.swift in Sources */,
				A3ACA4782B2C3D500051E9D4 /* ImageAsyncView.swift in Sources */,
				A3ACA4772B2C3D500051E9D4 /* GridListMenuView.swift in Sources */,
				A394A77E2B02171C0030AAF1 /* MenuShapeViewModifier.swift in Sources */,
				A384DF302B86529400DE9A18 /* FormUseCaseMockImpl.swift in Sources */,
				A3B3EF642B0895EE00392609 /* MoreScreen.swift in Sources */,
				A33AD69B2B009887005A09AC /* Router.swift in Sources */,
				A33AD6982B009887005A09AC /* RouteCode.swift in Sources */,
				A334A61F2B879917008CC8D4 /* RootCoordinator.swift in Sources */,
				A3ACA46E2B2C3D500051E9D4 /* SupportScreen.swift in Sources */,
				A3ACA4812B2C3ECC0051E9D4 /* AccountBalanceView.swift in Sources */,
				A3E74CAB2B22DEC0006DFB17 /* ProgressViewModifier.swift in Sources */,
				A371F1142B1B2A0900B50E77 /* FormRouter.swift in Sources */,
				A371F1292B1B5D3700B50E77 /* FormUseCaseImpl.swift in Sources */,
				A371F12F2B1B6CC500B50E77 /* AppFactory.swift in Sources */,
				A334A61C2B8798A1008CC8D4 /* AppDelegate.swift in Sources */,
				A3ECAED12B00FB3E00CA8E32 /* ImageExt.swift in Sources */,
				A3ACA47C2B2C3D500051E9D4 /* HomeScreen.swift in Sources */,
				A371F1232B1B4F0900B50E77 /* BaseUseCase.swift in Sources */,
				A334A6242B8799AF008CC8D4 /* FormCoordinator.swift in Sources */,
				A3ACA47B2B2C3D500051E9D4 /* HomePrimaryMenuView.swift in Sources */,
				A34645F52B89A82C00A20230 /* GenericConfirmationVc.swift in Sources */,
				A3ECAED52B012BE900CA8E32 /* ColorExt.swift in Sources */,
				A34645F92B89B6E600A20230 /* SheetExt.swift in Sources */,
			);
			runOnlyForDeploymentPostprocessing = 0;
		};
		A33AD6722B009819005A09AC /* Sources */ = {
			isa = PBXSourcesBuildPhase;
			buildActionMask = 2147483647;
			files = (
				A33AD67B2B009819005A09AC /* ESewa_CloneTests.swift in Sources */,
			);
			runOnlyForDeploymentPostprocessing = 0;
		};
		A33AD67C2B009819005A09AC /* Sources */ = {
			isa = PBXSourcesBuildPhase;
			buildActionMask = 2147483647;
			files = (
				A33AD6872B009819005A09AC /* ESewa_CloneUITestsLaunchTests.swift in Sources */,
				A33AD6852B009819005A09AC /* ESewa_CloneUITests.swift in Sources */,
			);
			runOnlyForDeploymentPostprocessing = 0;
		};
/* End PBXSourcesBuildPhase section */

/* Begin PBXTargetDependency section */
		A33AD6782B009819005A09AC /* PBXTargetDependency */ = {
			isa = PBXTargetDependency;
			target = A33AD6652B009818005A09AC /* ESewa Clone */;
			targetProxy = A33AD6772B009819005A09AC /* PBXContainerItemProxy */;
		};
		A33AD6822B009819005A09AC /* PBXTargetDependency */ = {
			isa = PBXTargetDependency;
			target = A33AD6652B009818005A09AC /* ESewa Clone */;
			targetProxy = A33AD6812B009819005A09AC /* PBXContainerItemProxy */;
		};
/* End PBXTargetDependency section */

/* Begin XCBuildConfiguration section */
		A33AD6882B009819005A09AC /* Debug */ = {
			isa = XCBuildConfiguration;
			buildSettings = {
				ALWAYS_SEARCH_USER_PATHS = NO;
				CLANG_ANALYZER_NONNULL = YES;
				CLANG_ANALYZER_NUMBER_OBJECT_CONVERSION = YES_AGGRESSIVE;
				CLANG_CXX_LANGUAGE_STANDARD = "gnu++20";
				CLANG_ENABLE_MODULES = YES;
				CLANG_ENABLE_OBJC_ARC = YES;
				CLANG_ENABLE_OBJC_WEAK = YES;
				CLANG_WARN_BLOCK_CAPTURE_AUTORELEASING = YES;
				CLANG_WARN_BOOL_CONVERSION = YES;
				CLANG_WARN_COMMA = YES;
				CLANG_WARN_CONSTANT_CONVERSION = YES;
				CLANG_WARN_DEPRECATED_OBJC_IMPLEMENTATIONS = YES;
				CLANG_WARN_DIRECT_OBJC_ISA_USAGE = YES_ERROR;
				CLANG_WARN_DOCUMENTATION_COMMENTS = YES;
				CLANG_WARN_EMPTY_BODY = YES;
				CLANG_WARN_ENUM_CONVERSION = YES;
				CLANG_WARN_INFINITE_RECURSION = YES;
				CLANG_WARN_INT_CONVERSION = YES;
				CLANG_WARN_NON_LITERAL_NULL_CONVERSION = YES;
				CLANG_WARN_OBJC_IMPLICIT_RETAIN_SELF = YES;
				CLANG_WARN_OBJC_LITERAL_CONVERSION = YES;
				CLANG_WARN_OBJC_ROOT_CLASS = YES_ERROR;
				CLANG_WARN_QUOTED_INCLUDE_IN_FRAMEWORK_HEADER = YES;
				CLANG_WARN_RANGE_LOOP_ANALYSIS = YES;
				CLANG_WARN_STRICT_PROTOTYPES = YES;
				CLANG_WARN_SUSPICIOUS_MOVE = YES;
				CLANG_WARN_UNGUARDED_AVAILABILITY = YES_AGGRESSIVE;
				CLANG_WARN_UNREACHABLE_CODE = YES;
				CLANG_WARN__DUPLICATE_METHOD_MATCH = YES;
				COPY_PHASE_STRIP = NO;
				DEBUG_INFORMATION_FORMAT = dwarf;
				ENABLE_STRICT_OBJC_MSGSEND = YES;
				ENABLE_TESTABILITY = YES;
				GCC_C_LANGUAGE_STANDARD = gnu11;
				GCC_DYNAMIC_NO_PIC = NO;
				GCC_NO_COMMON_BLOCKS = YES;
				GCC_OPTIMIZATION_LEVEL = 0;
				GCC_PREPROCESSOR_DEFINITIONS = (
					"DEBUG=1",
					"$(inherited)",
				);
				GCC_WARN_64_TO_32_BIT_CONVERSION = YES;
				GCC_WARN_ABOUT_RETURN_TYPE = YES_ERROR;
				GCC_WARN_UNDECLARED_SELECTOR = YES;
				GCC_WARN_UNINITIALIZED_AUTOS = YES_AGGRESSIVE;
				GCC_WARN_UNUSED_FUNCTION = YES;
				GCC_WARN_UNUSED_VARIABLE = YES;
				GENERATE_INFOPLIST_FILE = YES;
				IPHONEOS_DEPLOYMENT_TARGET = 16.0;
				MTL_ENABLE_DEBUG_INFO = INCLUDE_SOURCE;
				MTL_FAST_MATH = YES;
				ONLY_ACTIVE_ARCH = YES;
				SDKROOT = iphoneos;
				SWIFT_ACTIVE_COMPILATION_CONDITIONS = DEBUG;
				SWIFT_OPTIMIZATION_LEVEL = "-Onone";
			};
			name = Debug;
		};
		A33AD6892B009819005A09AC /* Release */ = {
			isa = XCBuildConfiguration;
			buildSettings = {
				ALWAYS_SEARCH_USER_PATHS = NO;
				CLANG_ANALYZER_NONNULL = YES;
				CLANG_ANALYZER_NUMBER_OBJECT_CONVERSION = YES_AGGRESSIVE;
				CLANG_CXX_LANGUAGE_STANDARD = "gnu++20";
				CLANG_ENABLE_MODULES = YES;
				CLANG_ENABLE_OBJC_ARC = YES;
				CLANG_ENABLE_OBJC_WEAK = YES;
				CLANG_WARN_BLOCK_CAPTURE_AUTORELEASING = YES;
				CLANG_WARN_BOOL_CONVERSION = YES;
				CLANG_WARN_COMMA = YES;
				CLANG_WARN_CONSTANT_CONVERSION = YES;
				CLANG_WARN_DEPRECATED_OBJC_IMPLEMENTATIONS = YES;
				CLANG_WARN_DIRECT_OBJC_ISA_USAGE = YES_ERROR;
				CLANG_WARN_DOCUMENTATION_COMMENTS = YES;
				CLANG_WARN_EMPTY_BODY = YES;
				CLANG_WARN_ENUM_CONVERSION = YES;
				CLANG_WARN_INFINITE_RECURSION = YES;
				CLANG_WARN_INT_CONVERSION = YES;
				CLANG_WARN_NON_LITERAL_NULL_CONVERSION = YES;
				CLANG_WARN_OBJC_IMPLICIT_RETAIN_SELF = YES;
				CLANG_WARN_OBJC_LITERAL_CONVERSION = YES;
				CLANG_WARN_OBJC_ROOT_CLASS = YES_ERROR;
				CLANG_WARN_QUOTED_INCLUDE_IN_FRAMEWORK_HEADER = YES;
				CLANG_WARN_RANGE_LOOP_ANALYSIS = YES;
				CLANG_WARN_STRICT_PROTOTYPES = YES;
				CLANG_WARN_SUSPICIOUS_MOVE = YES;
				CLANG_WARN_UNGUARDED_AVAILABILITY = YES_AGGRESSIVE;
				CLANG_WARN_UNREACHABLE_CODE = YES;
				CLANG_WARN__DUPLICATE_METHOD_MATCH = YES;
				COPY_PHASE_STRIP = NO;
				DEBUG_INFORMATION_FORMAT = "dwarf-with-dsym";
				ENABLE_NS_ASSERTIONS = NO;
				ENABLE_STRICT_OBJC_MSGSEND = YES;
				GCC_C_LANGUAGE_STANDARD = gnu11;
				GCC_NO_COMMON_BLOCKS = YES;
				GCC_WARN_64_TO_32_BIT_CONVERSION = YES;
				GCC_WARN_ABOUT_RETURN_TYPE = YES_ERROR;
				GCC_WARN_UNDECLARED_SELECTOR = YES;
				GCC_WARN_UNINITIALIZED_AUTOS = YES_AGGRESSIVE;
				GCC_WARN_UNUSED_FUNCTION = YES;
				GCC_WARN_UNUSED_VARIABLE = YES;
				GENERATE_INFOPLIST_FILE = YES;
				IPHONEOS_DEPLOYMENT_TARGET = 16.0;
				MTL_ENABLE_DEBUG_INFO = NO;
				MTL_FAST_MATH = YES;
				SDKROOT = iphoneos;
				SWIFT_COMPILATION_MODE = wholemodule;
				SWIFT_OPTIMIZATION_LEVEL = "-O";
				VALIDATE_PRODUCT = YES;
			};
			name = Release;
		};
		A33AD68B2B009819005A09AC /* Debug */ = {
			isa = XCBuildConfiguration;
			buildSettings = {
				ASSETCATALOG_COMPILER_APPICON_NAME = AppIcon;
				ASSETCATALOG_COMPILER_GLOBAL_ACCENT_COLOR_NAME = AccentColor;
				CODE_SIGN_STYLE = Automatic;
				CURRENT_PROJECT_VERSION = 1;
				DEVELOPMENT_ASSET_PATHS = "\"ESewa Clone/Preview Content\"";
				DEVELOPMENT_TEAM = 65JHC6K66H;
				ENABLE_PREVIEWS = YES;
				GENERATE_INFOPLIST_FILE = NO;
				INFOPLIST_FILE = "ESewa Clone/info.plist";
				INFOPLIST_KEY_UIApplicationSceneManifest_Generation = YES;
				INFOPLIST_KEY_UIApplicationSupportsIndirectInputEvents = YES;
				INFOPLIST_KEY_UILaunchScreen_Generation = YES;
				INFOPLIST_KEY_UISupportedInterfaceOrientations_iPad = "UIInterfaceOrientationPortrait UIInterfaceOrientationPortraitUpsideDown UIInterfaceOrientationLandscapeLeft UIInterfaceOrientationLandscapeRight";
				INFOPLIST_KEY_UISupportedInterfaceOrientations_iPhone = "UIInterfaceOrientationPortrait UIInterfaceOrientationLandscapeLeft UIInterfaceOrientationLandscapeRight";
				IPHONEOS_DEPLOYMENT_TARGET = 16.0;
				LD_RUNPATH_SEARCH_PATHS = (
					"$(inherited)",
					"@executable_path/Frameworks",
				);
				MARKETING_VERSION = 1.0;
				PRODUCT_BUNDLE_IDENTIFIER = "junkeritechnepal.ESewa-Clone";
				PRODUCT_NAME = "$(TARGET_NAME)";
				SWIFT_EMIT_LOC_STRINGS = YES;
				SWIFT_VERSION = 5.0;
				TARGETED_DEVICE_FAMILY = "1,2";
			};
			name = Debug;
		};
		A33AD68C2B009819005A09AC /* Release */ = {
			isa = XCBuildConfiguration;
			buildSettings = {
				ASSETCATALOG_COMPILER_APPICON_NAME = AppIcon;
				ASSETCATALOG_COMPILER_GLOBAL_ACCENT_COLOR_NAME = AccentColor;
				CODE_SIGN_STYLE = Automatic;
				CURRENT_PROJECT_VERSION = 1;
				DEVELOPMENT_ASSET_PATHS = "\"ESewa Clone/Preview Content\"";
				DEVELOPMENT_TEAM = 65JHC6K66H;
				ENABLE_PREVIEWS = YES;
				GENERATE_INFOPLIST_FILE = NO;
				INFOPLIST_FILE = "ESewa Clone/info.plist";
				INFOPLIST_KEY_UIApplicationSceneManifest_Generation = YES;
				INFOPLIST_KEY_UIApplicationSupportsIndirectInputEvents = YES;
				INFOPLIST_KEY_UILaunchScreen_Generation = YES;
				INFOPLIST_KEY_UISupportedInterfaceOrientations_iPad = "UIInterfaceOrientationPortrait UIInterfaceOrientationPortraitUpsideDown UIInterfaceOrientationLandscapeLeft UIInterfaceOrientationLandscapeRight";
				INFOPLIST_KEY_UISupportedInterfaceOrientations_iPhone = "UIInterfaceOrientationPortrait UIInterfaceOrientationLandscapeLeft UIInterfaceOrientationLandscapeRight";
				IPHONEOS_DEPLOYMENT_TARGET = 16.0;
				LD_RUNPATH_SEARCH_PATHS = (
					"$(inherited)",
					"@executable_path/Frameworks",
				);
				MARKETING_VERSION = 1.0;
				PRODUCT_BUNDLE_IDENTIFIER = "junkeritechnepal.ESewa-Clone";
				PRODUCT_NAME = "$(TARGET_NAME)";
				SWIFT_EMIT_LOC_STRINGS = YES;
				SWIFT_VERSION = 5.0;
				TARGETED_DEVICE_FAMILY = "1,2";
			};
			name = Release;
		};
		A33AD68E2B009819005A09AC /* Debug */ = {
			isa = XCBuildConfiguration;
			buildSettings = {
				ALWAYS_EMBED_SWIFT_STANDARD_LIBRARIES = YES;
				BUNDLE_LOADER = "$(TEST_HOST)";
				CODE_SIGN_STYLE = Automatic;
				CURRENT_PROJECT_VERSION = 1;
				DEVELOPMENT_TEAM = 65JHC6K66H;
				GENERATE_INFOPLIST_FILE = YES;
				IPHONEOS_DEPLOYMENT_TARGET = 16.4;
				MARKETING_VERSION = 1.0;
				PRODUCT_BUNDLE_IDENTIFIER = "junkeritechnepal.ESewa-CloneTests";
				PRODUCT_NAME = "$(TARGET_NAME)";
				SWIFT_EMIT_LOC_STRINGS = NO;
				SWIFT_VERSION = 5.0;
				TARGETED_DEVICE_FAMILY = "1,2";
				TEST_HOST = "$(BUILT_PRODUCTS_DIR)/ESewa Clone.app/$(BUNDLE_EXECUTABLE_FOLDER_PATH)/ESewa Clone";
			};
			name = Debug;
		};
		A33AD68F2B009819005A09AC /* Release */ = {
			isa = XCBuildConfiguration;
			buildSettings = {
				ALWAYS_EMBED_SWIFT_STANDARD_LIBRARIES = YES;
				BUNDLE_LOADER = "$(TEST_HOST)";
				CODE_SIGN_STYLE = Automatic;
				CURRENT_PROJECT_VERSION = 1;
				DEVELOPMENT_TEAM = 65JHC6K66H;
				GENERATE_INFOPLIST_FILE = YES;
				IPHONEOS_DEPLOYMENT_TARGET = 16.4;
				MARKETING_VERSION = 1.0;
				PRODUCT_BUNDLE_IDENTIFIER = "junkeritechnepal.ESewa-CloneTests";
				PRODUCT_NAME = "$(TARGET_NAME)";
				SWIFT_EMIT_LOC_STRINGS = NO;
				SWIFT_VERSION = 5.0;
				TARGETED_DEVICE_FAMILY = "1,2";
				TEST_HOST = "$(BUILT_PRODUCTS_DIR)/ESewa Clone.app/$(BUNDLE_EXECUTABLE_FOLDER_PATH)/ESewa Clone";
			};
			name = Release;
		};
		A33AD6912B009819005A09AC /* Debug */ = {
			isa = XCBuildConfiguration;
			buildSettings = {
				ALWAYS_EMBED_SWIFT_STANDARD_LIBRARIES = YES;
				CODE_SIGN_STYLE = Automatic;
				CURRENT_PROJECT_VERSION = 1;
				DEVELOPMENT_TEAM = 65JHC6K66H;
				GENERATE_INFOPLIST_FILE = YES;
				MARKETING_VERSION = 1.0;
				PRODUCT_BUNDLE_IDENTIFIER = "junkeritechnepal.ESewa-CloneUITests";
				PRODUCT_NAME = "$(TARGET_NAME)";
				SWIFT_EMIT_LOC_STRINGS = NO;
				SWIFT_VERSION = 5.0;
				TARGETED_DEVICE_FAMILY = "1,2";
				TEST_TARGET_NAME = "ESewa Clone";
			};
			name = Debug;
		};
		A33AD6922B009819005A09AC /* Release */ = {
			isa = XCBuildConfiguration;
			buildSettings = {
				ALWAYS_EMBED_SWIFT_STANDARD_LIBRARIES = YES;
				CODE_SIGN_STYLE = Automatic;
				CURRENT_PROJECT_VERSION = 1;
				DEVELOPMENT_TEAM = 65JHC6K66H;
				GENERATE_INFOPLIST_FILE = YES;
				MARKETING_VERSION = 1.0;
				PRODUCT_BUNDLE_IDENTIFIER = "junkeritechnepal.ESewa-CloneUITests";
				PRODUCT_NAME = "$(TARGET_NAME)";
				SWIFT_EMIT_LOC_STRINGS = NO;
				SWIFT_VERSION = 5.0;
				TARGETED_DEVICE_FAMILY = "1,2";
				TEST_TARGET_NAME = "ESewa Clone";
			};
			name = Release;
		};
/* End XCBuildConfiguration section */

/* Begin XCConfigurationList section */
		A33AD6612B009817005A09AC /* Build configuration list for PBXProject "ESewa Clone" */ = {
			isa = XCConfigurationList;
			buildConfigurations = (
				A33AD6882B009819005A09AC /* Debug */,
				A33AD6892B009819005A09AC /* Release */,
			);
			defaultConfigurationIsVisible = 0;
			defaultConfigurationName = Debug;
		};
		A33AD68A2B009819005A09AC /* Build configuration list for PBXNativeTarget "ESewa Clone" */ = {
			isa = XCConfigurationList;
			buildConfigurations = (
				A33AD68B2B009819005A09AC /* Debug */,
				A33AD68C2B009819005A09AC /* Release */,
			);
			defaultConfigurationIsVisible = 0;
			defaultConfigurationName = Debug;
		};
		A33AD68D2B009819005A09AC /* Build configuration list for PBXNativeTarget "ESewa CloneTests" */ = {
			isa = XCConfigurationList;
			buildConfigurations = (
				A33AD68E2B009819005A09AC /* Debug */,
				A33AD68F2B009819005A09AC /* Release */,
			);
			defaultConfigurationIsVisible = 0;
			defaultConfigurationName = Debug;
		};
		A33AD6902B009819005A09AC /* Build configuration list for PBXNativeTarget "ESewa CloneUITests" */ = {
			isa = XCConfigurationList;
			buildConfigurations = (
				A33AD6912B009819005A09AC /* Debug */,
				A33AD6922B009819005A09AC /* Release */,
			);
			defaultConfigurationIsVisible = 0;
			defaultConfigurationName = Debug;
		};
/* End XCConfigurationList section */

/* Begin XCSwiftPackageProductDependency section */
		A371F1092B1B15FF00B50E77 /* DomainPackage */ = {
			isa = XCSwiftPackageProductDependency;
			productName = DomainPackage;
		};
		A371F10B2B1B160100B50E77 /* FormPackage */ = {
			isa = XCSwiftPackageProductDependency;
			productName = FormPackage;
		};
		A371F1252B1B513200B50E77 /* NetworkPackage */ = {
			isa = XCSwiftPackageProductDependency;
			productName = NetworkPackage;
		};
/* End XCSwiftPackageProductDependency section */
	};
	rootObject = A33AD65E2B009817005A09AC /* Project object */;
}
